
Microsoft Visual Studio Solution File, Format Version 12.00
# Visual Studio Version 17
VisualStudioVersion = 17.1.32421.90
MinimumVisualStudioVersion = 10.0.40219.1
Project("{FAE04EC0-301F-11D3-BF4B-00C04F79EFBC}") = "Capstone", "Capstone\Capstone.csproj", "{BBA4CC1D-DED0-479B-B36F-D9F5A59EE823}"
EndProject
Global
	GlobalSection(SolutionConfigurationPlatforms) = preSolution
		Debug|Any CPU = Debug|Any CPU
		Release|Any CPU = Release|Any CPU
	EndGlobalSection
	GlobalSection(ProjectConfigurationPlatforms) = postSolution
		{BBA4CC1D-DED0-479B-B36F-D9F5A59EE823}.Debug|Any CPU.ActiveCfg = Debug|Any CPU
		{BBA4CC1D-DED0-479B-B36F-D9F5A59EE823}.Debug|Any CPU.Build.0 = Debug|Any CPU
		{BBA4CC1D-DED0-479B-B36F-D9F5A59EE823}.Release|Any CPU.ActiveCfg = Release|Any CPU
		{BBA4CC1D-DED0-479B-B36F-D9F5A59EE823}.Release|Any CPU.Build.0 = Release|Any CPU
	EndGlobalSection
	GlobalSection(SolutionProperties) = preSolution
		HideSolutionNode = FALSE
	EndGlobalSection
	GlobalSection(ExtensibilityGlobals) = postSolution
		SolutionGuid = {1C129012-22F1-4D20-AAB3-C6EE472CEBC4}
	EndGlobalSection
EndGlobal
